
Microsoft Visual Studio Solution File, Format Version 11.00
# Visual Studio 2010
Project("{FAE04EC0-301F-11D3-BF4B-00C04F79EFBC}") = "GetData", "GetData\GetData.csproj", "{2F23B3DF-173D-405E-BB80-13385F0B94FD}"
EndProject
Global
	GlobalSection(SolutionConfigurationPlatforms) = preSolution
		Debug|x86 = Debug|x86
		Release|x86 = Release|x86
	EndGlobalSection
	GlobalSection(ProjectConfigurationPlatforms) = postSolution
		{2F23B3DF-173D-405E-BB80-13385F0B94FD}.Debug|x86.ActiveCfg = Debug|x86
		{2F23B3DF-173D-405E-BB80-13385F0B94FD}.Debug|x86.Build.0 = Debug|x86
		{2F23B3DF-173D-405E-BB80-13385F0B94FD}.Release|x86.ActiveCfg = Release|x86
		{2F23B3DF-173D-405E-BB80-13385F0B94FD}.Release|x86.Build.0 = Release|x86
	EndGlobalSection
	GlobalSection(SolutionProperties) = preSolution
		HideSolutionNode = FALSE
	EndGlobalSection
EndGlobal
